vimagination.zapto.org/authenticate v1.0.0 h1:eLzBv0txcEVt3l3N6n9QOMPC1rGtEzLvswH5P+8g1BM=
vimagination.zapto.org/authenticate v1.0.0/go.mod h1:YfddapgT/AVNsjGL5wZ5gsVPjLur7oLw1ZEXOYL19pw=
vimagination.zapto.org/authenticate v1.0.2 h1:B1Oxvg9AL5dkQr2rssk9PHN4hhSmPU0N0tzj1eDh+Jo=
vimagination.zapto.org/authenticate v1.0.2/go.mod h1:CUBEssQET6YNDF1v74nqXVB9QaYWoSQIfeKPCkGjzUQ=
vimagination.zapto.org/authenticate v1.0.3 h1:yHk3YL7XyorQNCwHQVNgqECuTKgkfbYb5MNTpMxOzA8=
vimagination.zapto.org/authenticate v1.0.3/go.mod h1:CUBEssQET6YNDF1v74nqXVB9QaYWoSQIfeKPCkGjzUQ=
